// !$*UTF8*$!
{
	archiveVersion = 1;
	classes = {
	};
	objectVersion = 55;
	objects = {

/* Begin PBXBuildFile section */
		24CEED8628FF2FF9003A75F4 /* ProjectApp.swift in Sources */ = {isa = PBXBuildFile; fileRef = 24CEED8528FF2FF9003A75F4 /* ProjectApp.swift */; };
		24CEED8828FF2FF9003A75F4 /* CalendarSelection.swift in Sources */ = {isa = PBXBuildFile; fileRef = 24CEED8728FF2FF9003A75F4 /* CalendarSelection.swift */; };
		24CEED8A28FF2FFA003A75F4 /* Assets.xcassets in Resources */ = {isa = PBXBuildFile; fileRef = 24CEED8928FF2FFA003A75F4 /* Assets.xcassets */; };
		24CEED8D28FF2FFA003A75F4 /* Preview Assets.xcassets in Resources */ = {isa = PBXBuildFile; fileRef = 24CEED8C28FF2FFA003A75F4 /* Preview Assets.xcassets */; };
		24CEED9728FF2FFA003A75F4 /* ProjectTests.swift in Sources */ = {isa = PBXBuildFile; fileRef = 24CEED9628FF2FFA003A75F4 /* ProjectTests.swift */; };
		24CEEDA128FF2FFA003A75F4 /* ProjectUITests.swift in Sources */ = {isa = PBXBuildFile; fileRef = 24CEEDA028FF2FFA003A75F4 /* ProjectUITests.swift */; };
		24CEEDA328FF2FFA003A75F4 /* ProjectUITestsLaunchTests.swift in Sources */ = {isa = PBXBuildFile; fileRef = 24CEEDA228FF2FFA003A75F4 /* ProjectUITestsLaunchTests.swift */; };
		24CEEDB028FF3ADF003A75F4 /* Previews.swift in Sources */ = {isa = PBXBuildFile; fileRef = 24CEEDAF28FF3ADF003A75F4 /* Previews.swift */; };
		24CEEDB228FF3DA7003A75F4 /* ClassSchedule.swift in Sources */ = {isa = PBXBuildFile; fileRef = 24CEEDB128FF3DA7003A75F4 /* ClassSchedule.swift */; };
/* End PBXBuildFile section */

/* Begin PBXContainerItemProxy section */
		24CEED9328FF2FFA003A75F4 /* PBXContainerItemProxy */ = {
			isa = PBXContainerItemProxy;
			containerPortal = 24CEED7A28FF2FF9003A75F4 /* Project object */;
			proxyType = 1;
			remoteGlobalIDString = 24CEED8128FF2FF9003A75F4;
			remoteInfo = Project;
		};
		24CEED9D28FF2FFA003A75F4 /* PBXContainerItemProxy */ = {
			isa = PBXContainerItemProxy;
			containerPortal = 24CEED7A28FF2FF9003A75F4 /* Project object */;
			proxyType = 1;
			remoteGlobalIDString = 24CEED8128FF2FF9003A75F4;
			remoteInfo = Project;
		};
/* End PBXContainerItemProxy section */

/* Begin PBXFileReference section */
		24CEED8228FF2FF9003A75F4 /* Project.app */ = {isa = PBXFileReference; explicitFileType = wrapper.application; includeInIndex = 0; path = Project.app; sourceTree = BUILT_PRODUCTS_DIR; };
		24CEED8528FF2FF9003A75F4 /* ProjectApp.swift */ = {isa = PBXFileReference; lastKnownFileType = sourcecode.swift; path = ProjectApp.swift; sourceTree = "<group>"; };
		24CEED8728FF2FF9003A75F4 /* CalendarSelection.swift */ = {isa = PBXFileReference; lastKnownFileType = sourcecode.swift; path = CalendarSelection.swift; sourceTree = "<group>"; };
		24CEED8928FF2FFA003A75F4 /* Assets.xcassets */ = {isa = PBXFileReference; lastKnownFileType = folder.assetcatalog; path = Assets.xcassets; sourceTree = "<group>"; };
		24CEED8C28FF2FFA003A75F4 /* Preview Assets.xcassets */ = {isa = PBXFileReference; lastKnownFileType = folder.assetcatalog; path = "Preview Assets.xcassets"; sourceTree = "<group>"; };
		24CEED9228FF2FFA003A75F4 /* ProjectTests.xctest */ = {isa = PBXFileReference; explicitFileType = wrapper.cfbundle; includeInIndex = 0; path = ProjectTests.xctest; sourceTree = BUILT_PRODUCTS_DIR; };
		24CEED9628FF2FFA003A75F4 /* ProjectTests.swift */ = {isa = PBXFileReference; lastKnownFileType = sourcecode.swift; path = ProjectTests.swift; sourceTree = "<group>"; };
		24CEED9C28FF2FFA003A75F4 /* ProjectUITests.xctest */ = {isa = PBXFileReference; explicitFileType = wrapper.cfbundle; includeInIndex = 0; path = ProjectUITests.xctest; sourceTree = BUILT_PRODUCTS_DIR; };
		24CEEDA028FF2FFA003A75F4 /* ProjectUITests.swift */ = {isa = PBXFileReference; lastKnownFileType = sourcecode.swift; path = ProjectUITests.swift; sourceTree = "<group>"; };
		24CEEDA228FF2FFA003A75F4 /* ProjectUITestsLaunchTests.swift */ = {isa = PBXFileReference; lastKnownFileType = sourcecode.swift; path = ProjectUITestsLaunchTests.swift; sourceTree = "<group>"; };
		24CEEDAF28FF3ADF003A75F4 /* Previews.swift */ = {isa = PBXFileReference; lastKnownFileType = sourcecode.swift; path = Previews.swift; sourceTree = "<group>"; };
		24CEEDB128FF3DA7003A75F4 /* ClassSchedule.swift */ = {isa = PBXFileReference; lastKnownFileType = sourcecode.swift; path = ClassSchedule.swift; sourceTree = "<group>"; };
/* End PBXFileReference section */

/* Begin PBXFrameworksBuildPhase section */
		24CEED7F28FF2FF9003A75F4 /* Frameworks */ = {
			isa = PBXFrameworksBuildPhase;
			buildActionMask = 2147483647;
			files = (
			);
			runOnlyForDeploymentPostprocessing = 0;
		};
		24CEED8F28FF2FFA003A75F4 /* Frameworks */ = {
			isa = PBXFrameworksBuildPhase;
			buildActionMask = 2147483647;
			files = (
			);
			runOnlyForDeploymentPostprocessing = 0;
		};
		24CEED9928FF2FFA003A75F4 /* Frameworks */ = {
			isa = PBXFrameworksBuildPhase;
			buildActionMask = 2147483647;
			files = (
			);
			runOnlyForDeploymentPostprocessing = 0;
		};
/* End PBXFrameworksBuildPhase section */

/* Begin PBXGroup section */
		24CEED7928FF2FF9003A75F4 = {
			isa = PBXGroup;
			children = (
				24CEED8428FF2FF9003A75F4 /* Project */,
				24CEED9528FF2FFA003A75F4 /* ProjectTests */,
				24CEED9F28FF2FFA003A75F4 /* ProjectUITests */,
				24CEED8328FF2FF9003A75F4 /* Products */,
			);
			sourceTree = "<group>";
		};
		24CEED8328FF2FF9003A75F4 /* Products */ = {
			isa = PBXGroup;
			children = (
				24CEED8228FF2FF9003A75F4 /* Project.app */,
				24CEED9228FF2FFA003A75F4 /* ProjectTests.xctest */,
				24CEED9C28FF2FFA003A75F4 /* ProjectUITests.xctest */,
			);
			name = Products;
			sourceTree = "<group>";
		};
		24CEED8428FF2FF9003A75F4 /* Project */ = {
			isa = PBXGroup;
			children = (
				24CEEDB128FF3DA7003A75F4 /* ClassSchedule.swift */,
				24CEED8728FF2FF9003A75F4 /* CalendarSelection.swift */,
				24CEEDAF28FF3ADF003A75F4 /* Previews.swift */,
				24CEED8928FF2FFA003A75F4 /* Assets.xcassets */,
				24CEED8B28FF2FFA003A75F4 /* Preview Content */,
				24CEED8528FF2FF9003A75F4 /* ProjectApp.swift */,
			);
			path = Project;
			sourceTree = "<group>";
		};
		24CEED8B28FF2FFA003A75F4 /* Preview Content */ = {
			isa = PBXGroup;
			children = (
				24CEED8C28FF2FFA003A75F4 /* Preview Assets.xcassets */,
			);
			path = "Preview Content";
			sourceTree = "<group>";
		};
		24CEED9528FF2FFA003A75F4 /* ProjectTests */ = {
			isa = PBXGroup;
			children = (
				24CEED9628FF2FFA003A75F4 /* ProjectTests.swift */,
			);
			path = ProjectTests;
			sourceTree = "<group>";
		};
		24CEED9F28FF2FFA003A75F4 /* ProjectUITests */ = {
			isa = PBXGroup;
			children = (
				24CEEDA028FF2FFA003A75F4 /* ProjectUITests.swift */,
				24CEEDA228FF2FFA003A75F4 /* ProjectUITestsLaunchTests.swift */,
			);
			path = ProjectUITests;
			sourceTree = "<group>";
		};
/* End PBXGroup section */

/* Begin PBXNativeTarget section */
		24CEED8128FF2FF9003A75F4 /* Project */ = {
			isa = PBXNativeTarget;
			buildConfigurationList = 24CEEDA628FF2FFA003A75F4 /* Build configuration list for PBXNativeTarget "Project" */;
			buildPhases = (
				24CEED7E28FF2FF9003A75F4 /* Sources */,
				24CEED7F28FF2FF9003A75F4 /* Frameworks */,
				24CEED8028FF2FF9003A75F4 /* Resources */,
			);
			buildRules = (
			);
			dependencies = (
			);
			name = Project;
			productName = Project;
			productReference = 24CEED8228FF2FF9003A75F4 /* Project.app */;
			productType = "com.apple.product-type.application";
		};
		24CEED9128FF2FFA003A75F4 /* ProjectTests */ = {
			isa = PBXNativeTarget;
			buildConfigurationList = 24CEEDA928FF2FFA003A75F4 /* Build configuration list for PBXNativeTarget "ProjectTests" */;
			buildPhases = (
				24CEED8E28FF2FFA003A75F4 /* Sources */,
				24CEED8F28FF2FFA003A75F4 /* Frameworks */,
				24CEED9028FF2FFA003A75F4 /* Resources */,
			);
			buildRules = (
			);
			dependencies = (
				24CEED9428FF2FFA003A75F4 /* PBXTargetDependency */,
			);
			name = ProjectTests;
			productName = ProjectTests;
			productReference = 24CEED9228FF2FFA003A75F4 /* ProjectTests.xctest */;
			productType = "com.apple.product-type.bundle.unit-test";
		};
		24CEED9B28FF2FFA003A75F4 /* ProjectUITests */ = {
			isa = PBXNativeTarget;
			buildConfigurationList = 24CEEDAC28FF2FFA003A75F4 /* Build configuration list for PBXNativeTarget "ProjectUITests" */;
			buildPhases = (
				24CEED9828FF2FFA003A75F4 /* Sources */,
				24CEED9928FF2FFA003A75F4 /* Frameworks */,
				24CEED9A28FF2FFA003A75F4 /* Resources */,
			);
			buildRules = (
			);
			dependencies = (
				24CEED9E28FF2FFA003A75F4 /* PBXTargetDependency */,
			);
			name = ProjectUITests;
			productName = ProjectUITests;
			productReference = 24CEED9C28FF2FFA003A75F4 /* ProjectUITests.xctest */;
			productType = "com.apple.product-type.bundle.ui-testing";
		};
/* End PBXNativeTarget section */

/* Begin PBXProject section */
		24CEED7A28FF2FF9003A75F4 /* Project object */ = {
			isa = PBXProject;
			attributes = {
				BuildIndependentTargetsInParallel = 1;
				LastSwiftUpdateCheck = 1340;
				LastUpgradeCheck = 1340;
				TargetAttributes = {
					24CEED8128FF2FF9003A75F4 = {
						CreatedOnToolsVersion = 13.4.1;
					};
					24CEED9128FF2FFA003A75F4 = {
						CreatedOnToolsVersion = 13.4.1;
						TestTargetID = 24CEED8128FF2FF9003A75F4;
					};
					24CEED9B28FF2FFA003A75F4 = {
						CreatedOnToolsVersion = 13.4.1;
						TestTargetID = 24CEED8128FF2FF9003A75F4;
					};
				};
			};
			buildConfigurationList = 24CEED7D28FF2FF9003A75F4 /* Build configuration list for PBXProject "Project" */;
			compatibilityVersion = "Xcode 13.0";
			developmentRegion = en;
			hasScannedForEncodings = 0;
			knownRegions = (
				en,
				Base,
			);
			mainGroup = 24CEED7928FF2FF9003A75F4;
			productRefGroup = 24CEED8328FF2FF9003A75F4 /* Products */;
			projectDirPath = "";
			projectRoot = "";
			targets = (
				24CEED8128FF2FF9003A75F4 /* Project */,
				24CEED9128FF2FFA003A75F4 /* ProjectTests */,
				24CEED9B28FF2FFA003A75F4 /* ProjectUITests */,
			);
		};
/* End PBXProject section */

/* Begin PBXResourcesBuildPhase section */
		24CEED8028FF2FF9003A75F4 /* Resources */ = {
			isa = PBXResourcesBuildPhase;
			buildActionMask = 2147483647;
			files = (
				24CEED8D28FF2FFA003A75F4 /* Preview Assets.xcassets in Resources */,
				24CEED8A28FF2FFA003A75F4 /* Assets.xcassets in Resources */,
			);
			runOnlyForDeploymentPostprocessing = 0;
		};
		24CEED9028FF2FFA003A75F4 /* Resources */ = {
			isa = PBXResourcesBuildPhase;
			buildActionMask = 2147483647;
			files = (
			);
			runOnlyForDeploymentPostprocessing = 0;
		};
		24CEED9A28FF2FFA003A75F4 /* Resources */ = {
			isa = PBXResourcesBuildPhase;
			buildActionMask = 2147483647;
			files = (
			);
			runOnlyForDeploymentPostprocessing = 0;
		};
/* End PBXResourcesBuildPhase section */

/* Begin PBXSourcesBuildPhase section */
		24CEED7E28FF2FF9003A75F4 /* Sources */ = {
			isa = PBXSourcesBuildPhase;
			buildActionMask = 2147483647;
			files = (
				24CEEDB028FF3ADF003A75F4 /* Previews.swift in Sources */,
				24CEEDB228FF3DA7003A75F4 /* ClassSchedule.swift in Sources */,
				24CEED8828FF2FF9003A75F4 /* CalendarSelection.swift in Sources */,
				24CEED8628FF2FF9003A75F4 /* ProjectApp.swift in Sources */,
			);
			runOnlyForDeploymentPostprocessing = 0;
		};
		24CEED8E28FF2FFA003A75F4 /* Sources */ = {
			isa = PBXSourcesBuildPhase;
			buildActionMask = 2147483647;
			files = (
				24CEED9728FF2FFA003A75F4 /* ProjectTests.swift in Sources */,
			);
			runOnlyForDeploymentPostprocessing = 0;
		};
		24CEED9828FF2FFA003A75F4 /* Sources */ = {
			isa = PBXSourcesBuildPhase;
			buildActionMask = 2147483647;
			files = (
				24CEEDA328FF2FFA003A75F4 /* ProjectUITestsLaunchTests.swift in Sources */,
				24CEEDA128FF2FFA003A75F4 /* ProjectUITests.swift in Sources */,
			);
			runOnlyForDeploymentPostprocessing = 0;
		};
/* End PBXSourcesBuildPhase section */

/* Begin PBXTargetDependency section */
		24CEED9428FF2FFA003A75F4 /* PBXTargetDependency */ = {
			isa = PBXTargetDependency;
			target = 24CEED8128FF2FF9003A75F4 /* Project */;
			targetProxy = 24CEED9328FF2FFA003A75F4 /* PBXContainerItemProxy */;
		};
		24CEED9E28FF2FFA003A75F4 /* PBXTargetDependency */ = {
			isa = PBXTargetDependency;
			target = 24CEED8128FF2FF9003A75F4 /* Project */;
			targetProxy = 24CEED9D28FF2FFA003A75F4 /* PBXContainerItemProxy */;
		};
/* End PBXTargetDependency section */

/* Begin XCBuildConfiguration section */
		24CEEDA428FF2FFA003A75F4 /* Debug */ = {
			isa = XCBuildConfiguration;
			buildSettings = {
				ALWAYS_SEARCH_USER_PATHS = NO;
				CLANG_ANALYZER_NONNULL = YES;
				CLANG_ANALYZER_NUMBER_OBJECT_CONVERSION = YES_AGGRESSIVE;
				CLANG_CXX_LANGUAGE_STANDARD = "gnu++17";
				CLANG_ENABLE_MODULES = YES;
				CLANG_ENABLE_OBJC_ARC = YES;
				CLANG_ENABLE_OBJC_WEAK = YES;
				CLANG_WARN_BLOCK_CAPTURE_AUTORELEASING = YES;
				CLANG_WARN_BOOL_CONVERSION = YES;
				CLANG_WARN_COMMA = YES;
				CLANG_WARN_CONSTANT_CONVERSION = YES;
				CLANG_WARN_DEPRECATED_OBJC_IMPLEMENTATIONS = YES;
				CLANG_WARN_DIRECT_OBJC_ISA_USAGE = YES_ERROR;
				CLANG_WARN_DOCUMENTATION_COMMENTS = YES;
				CLANG_WARN_EMPTY_BODY = YES;
				CLANG_WARN_ENUM_CONVERSION = YES;
				CLANG_WARN_INFINITE_RECURSION = YES;
				CLANG_WARN_INT_CONVERSION = YES;
				CLANG_WARN_NON_LITERAL_NULL_CONVERSION = YES;
				CLANG_WARN_OBJC_IMPLICIT_RETAIN_SELF = YES;
				CLANG_WARN_OBJC_LITERAL_CONVERSION = YES;
				CLANG_WARN_OBJC_ROOT_CLASS = YES_ERROR;
				CLANG_WARN_QUOTED_INCLUDE_IN_FRAMEWORK_HEADER = YES;
				CLANG_WARN_RANGE_LOOP_ANALYSIS = YES;
				CLANG_WARN_STRICT_PROTOTYPES = YES;
				CLANG_WARN_SUSPICIOUS_MOVE = YES;
				CLANG_WARN_UNGUARDED_AVAILABILITY = YES_AGGRESSIVE;
				CLANG_WARN_UNREACHABLE_CODE = YES;
				CLANG_WARN__DUPLICATE_METHOD_MATCH = YES;
				COPY_PHASE_STRIP = NO;
				DEBUG_INFORMATION_FORMAT = dwarf;
				ENABLE_STRICT_OBJC_MSGSEND = YES;
				ENABLE_TESTABILITY = YES;
				GCC_C_LANGUAGE_STANDARD = gnu11;
				GCC_DYNAMIC_NO_PIC = NO;
				GCC_NO_COMMON_BLOCKS = YES;
				GCC_OPTIMIZATION_LEVEL = 0;
				GCC_PREPROCESSOR_DEFINITIONS = (
					"DEBUG=1",
					"$(inherited)",
				);
				GCC_WARN_64_TO_32_BIT_CONVERSION = YES;
				GCC_WARN_ABOUT_RETURN_TYPE = YES_ERROR;
				GCC_WARN_UNDECLARED_SELECTOR = YES;
				GCC_WARN_UNINITIALIZED_AUTOS = YES_AGGRESSIVE;
				GCC_WARN_UNUSED_FUNCTION = YES;
				GCC_WARN_UNUSED_VARIABLE = YES;
				IPHONEOS_DEPLOYMENT_TARGET = 15.5;
				MTL_ENABLE_DEBUG_INFO = INCLUDE_SOURCE;
				MTL_FAST_MATH = YES;
				ONLY_ACTIVE_ARCH = YES;
				SDKROOT = iphoneos;
				SWIFT_ACTIVE_COMPILATION_CONDITIONS = DEBUG;
				SWIFT_OPTIMIZATION_LEVEL = "-Onone";
			};
			name = Debug;
		};
		24CEEDA528FF2FFA003A75F4 /* Release */ = {
			isa = XCBuildConfiguration;
			buildSettings = {
				ALWAYS_SEARCH_USER_PATHS = NO;
				CLANG_ANALYZER_NONNULL = YES;
				CLANG_ANALYZER_NUMBER_OBJECT_CONVERSION = YES_AGGRESSIVE;
				CLANG_CXX_LANGUAGE_STANDARD = "gnu++17";
				CLANG_ENABLE_MODULES = YES;
				CLANG_ENABLE_OBJC_ARC = YES;
				CLANG_ENABLE_OBJC_WEAK = YES;
				CLANG_WARN_BLOCK_CAPTURE_AUTORELEASING = YES;
				CLANG_WARN_BOOL_CONVERSION = YES;
				CLANG_WARN_COMMA = YES;
				CLANG_WARN_CONSTANT_CONVERSION = YES;
				CLANG_WARN_DEPRECATED_OBJC_IMPLEMENTATIONS = YES;
				CLANG_WARN_DIRECT_OBJC_ISA_USAGE = YES_ERROR;
				CLANG_WARN_DOCUMENTATION_COMMENTS = YES;
				CLANG_WARN_EMPTY_BODY = YES;
				CLANG_WARN_ENUM_CONVERSION = YES;
				CLANG_WARN_INFINITE_RECURSION = YES;
				CLANG_WARN_INT_CONVERSION = YES;
				CLANG_WARN_NON_LITERAL_NULL_CONVERSION = YES;
				CLANG_WARN_OBJC_IMPLICIT_RETAIN_SELF = YES;
				CLANG_WARN_OBJC_LITERAL_CONVERSION = YES;
				CLANG_WARN_OBJC_ROOT_CLASS = YES_ERROR;
				CLANG_WARN_QUOTED_INCLUDE_IN_FRAMEWORK_HEADER = YES;
				CLANG_WARN_RANGE_LOOP_ANALYSIS = YES;
				CLANG_WARN_STRICT_PROTOTYPES = YES;
				CLANG_WARN_SUSPICIOUS_MOVE = YES;
				CLANG_WARN_UNGUARDED_AVAILABILITY = YES_AGGRESSIVE;
				CLANG_WARN_UNREACHABLE_CODE = YES;
				CLANG_WARN__DUPLICATE_METHOD_MATCH = YES;
				COPY_PHASE_STRIP = NO;
				DEBUG_INFORMATION_FORMAT = "dwarf-with-dsym";
				ENABLE_NS_ASSERTIONS = NO;
				ENABLE_STRICT_OBJC_MSGSEND = YES;
				GCC_C_LANGUAGE_STANDARD = gnu11;
				GCC_NO_COMMON_BLOCKS = YES;
				GCC_WARN_64_TO_32_BIT_CONVERSION = YES;
				GCC_WARN_ABOUT_RETURN_TYPE = YES_ERROR;
				GCC_WARN_UNDECLARED_SELECTOR = YES;
				GCC_WARN_UNINITIALIZED_AUTOS = YES_AGGRESSIVE;
				GCC_WARN_UNUSED_FUNCTION = YES;
				GCC_WARN_UNUSED_VARIABLE = YES;
				IPHONEOS_DEPLOYMENT_TARGET = 15.5;
				MTL_ENABLE_DEBUG_INFO = NO;
				MTL_FAST_MATH = YES;
				SDKROOT = iphoneos;
				SWIFT_COMPILATION_MODE = wholemodule;
				SWIFT_OPTIMIZATION_LEVEL = "-O";
				VALIDATE_PRODUCT = YES;
			};
			name = Release;
		};
		24CEEDA728FF2FFA003A75F4 /* Debug */ = {
			isa = XCBuildConfiguration;
			buildSettings = {
				ASSETCATALOG_COMPILER_APPICON_NAME = AppIcon;
				ASSETCATALOG_COMPILER_GLOBAL_ACCENT_COLOR_NAME = AccentColor;
				CODE_SIGN_STYLE = Automatic;
				CURRENT_PROJECT_VERSION = 1;
				DEVELOPMENT_ASSET_PATHS = "\"Project/Preview Content\"";
				DEVELOPMENT_TEAM = YNZGRQNY5A;
				ENABLE_PREVIEWS = YES;
				GENERATE_INFOPLIST_FILE = YES;
				INFOPLIST_KEY_UIApplicationSceneManifest_Generation = YES;
				INFOPLIST_KEY_UIApplicationSupportsIndirectInputEvents = YES;
				INFOPLIST_KEY_UILaunchScreen_Generation = YES;
				INFOPLIST_KEY_UISupportedInterfaceOrientations_iPad = "UIInterfaceOrientationPortrait UIInterfaceOrientationPortraitUpsideDown UIInterfaceOrientationLandscapeLeft UIInterfaceOrientationLandscapeRight";
				INFOPLIST_KEY_UISupportedInterfaceOrientations_iPhone = "UIInterfaceOrientationPortrait UIInterfaceOrientationLandscapeLeft UIInterfaceOrientationLandscapeRight";
				LD_RUNPATH_SEARCH_PATHS = (
					"$(inherited)",
					"@executable_path/Frameworks",
				);
				MARKETING_VERSION = 1.0;
				PRODUCT_BUNDLE_IDENTIFIER = com.rohithvishwajith.apps.UTPlus.Project;
				PRODUCT_NAME = "$(TARGET_NAME)";
				SWIFT_EMIT_LOC_STRINGS = YES;
				SWIFT_VERSION = 5.0;
				TARGETED_DEVICE_FAMILY = "1,2";
			};
			name = Debug;
		};
		24CEEDA828FF2FFA003A75F4 /* Release */ = {
			isa = XCBuildConfiguration;
			buildSettings = {
				ASSETCATALOG_COMPILER_APPICON_NAME = AppIcon;
				ASSETCATALOG_COMPILER_GLOBAL_ACCENT_COLOR_NAME = AccentColor;
				CODE_SIGN_STYLE = Automatic;
				CURRENT_PROJECT_VERSION = 1;
				DEVELOPMENT_ASSET_PATHS = "\"Project/Preview Content\"";
				DEVELOPMENT_TEAM = YNZGRQNY5A;
				ENABLE_PREVIEWS = YES;
				GENERATE_INFOPLIST_FILE = YES;
				INFOPLIST_KEY_UIApplicationSceneManifest_Generation = YES;
				INFOPLIST_KEY_UIApplicationSupportsIndirectInputEvents = YES;
				INFOPLIST_KEY_UILaunchScreen_Generation = YES;
				INFOPLIST_KEY_UISupportedInterfaceOrientations_iPad = "UIInterfaceOrientationPortrait UIInterfaceOrientationPortraitUpsideDown UIInterfaceOrientationLandscapeLeft UIInterfaceOrientationLandscapeRight";
				INFOPLIST_KEY_UISupportedInterfaceOrientations_iPhone = "UIInterfaceOrientationPortrait UIInterfaceOrientationLandscapeLeft UIInterfaceOrientationLandscapeRight";
				LD_RUNPATH_SEARCH_PATHS = (
					"$(inherited)",
					"@executable_path/Frameworks",
				);
				MARKETING_VERSION = 1.0;
				PRODUCT_BUNDLE_IDENTIFIER = com.rohithvishwajith.apps.UTPlus.Project;
				PRODUCT_NAME = "$(TARGET_NAME)";
				SWIFT_EMIT_LOC_STRINGS = YES;
				SWIFT_VERSION = 5.0;
				TARGETED_DEVICE_FAMILY = "1,2";
			};
			name = Release;
		};
		24CEEDAA28FF2FFA003A75F4 /* Debug */ = {
			isa = XCBuildConfiguration;
			buildSettings = {
				ALWAYS_EMBED_SWIFT_STANDARD_LIBRARIES = YES;
				BUNDLE_LOADER = "$(TEST_HOST)";
				CODE_SIGN_STYLE = Automatic;
				CURRENT_PROJECT_VERSION = 1;
				DEVELOPMENT_TEAM = YNZGRQNY5A;
				GENERATE_INFOPLIST_FILE = YES;
				IPHONEOS_DEPLOYMENT_TARGET = 15.5;
				MARKETING_VERSION = 1.0;
				PRODUCT_BUNDLE_IDENTIFIER = com.rohithvishwajith.apps.UTPlus.ProjectTests;
				PRODUCT_NAME = "$(TARGET_NAME)";
				SWIFT_EMIT_LOC_STRINGS = NO;
				SWIFT_VERSION = 5.0;
				TARGETED_DEVICE_FAMILY = "1,2";
				TEST_HOST = "$(BUILT_PRODUCTS_DIR)/Project.app/Project";
			};
			name = Debug;
		};
		24CEEDAB28FF2FFA003A75F4 /* Release */ = {
			isa = XCBuildConfiguration;
			buildSettings = {
				ALWAYS_EMBED_SWIFT_STANDARD_LIBRARIES = YES;
				BUNDLE_LOADER = "$(TEST_HOST)";
				CODE_SIGN_STYLE = Automatic;
				CURRENT_PROJECT_VERSION = 1;
				DEVELOPMENT_TEAM = YNZGRQNY5A;
				GENERATE_INFOPLIST_FILE = YES;
				IPHONEOS_DEPLOYMENT_TARGET = 15.5;
				MARKETING_VERSION = 1.0;
				PRODUCT_BUNDLE_IDENTIFIER = com.rohithvishwajith.apps.UTPlus.ProjectTests;
				PRODUCT_NAME = "$(TARGET_NAME)";
				SWIFT_EMIT_LOC_STRINGS = NO;
				SWIFT_VERSION = 5.0;
				TARGETED_DEVICE_FAMILY = "1,2";
				TEST_HOST = "$(BUILT_PRODUCTS_DIR)/Project.app/Project";
			};
			name = Release;
		};
		24CEEDAD28FF2FFA003A75F4 /* Debug */ = {
			isa = XCBuildConfiguration;
			buildSettings = {
				ALWAYS_EMBED_SWIFT_STANDARD_LIBRARIES = YES;
				CODE_SIGN_STYLE = Automatic;
				CURRENT_PROJECT_VERSION = 1;
				DEVELOPMENT_TEAM = YNZGRQNY5A;
				GENERATE_INFOPLIST_FILE = YES;
				MARKETING_VERSION = 1.0;
				PRODUCT_BUNDLE_IDENTIFIER = com.rohithvishwajith.apps.UTPlus.ProjectUITests;
				PRODUCT_NAME = "$(TARGET_NAME)";
				SWIFT_EMIT_LOC_STRINGS = NO;
				SWIFT_VERSION = 5.0;
				TARGETED_DEVICE_FAMILY = "1,2";
				TEST_TARGET_NAME = Project;
			};
			name = Debug;
		};
		24CEEDAE28FF2FFA003A75F4 /* Release */ = {
			isa = XCBuildConfiguration;
			buildSettings = {
				ALWAYS_EMBED_SWIFT_STANDARD_LIBRARIES = YES;
				CODE_SIGN_STYLE = Automatic;
				CURRENT_PROJECT_VERSION = 1;
				DEVELOPMENT_TEAM = YNZGRQNY5A;
				GENERATE_INFOPLIST_FILE = YES;
				MARKETING_VERSION = 1.0;
				PRODUCT_BUNDLE_IDENTIFIER = com.rohithvishwajith.apps.UTPlus.ProjectUITests;
				PRODUCT_NAME = "$(TARGET_NAME)";
				SWIFT_EMIT_LOC_STRINGS = NO;
				SWIFT_VERSION = 5.0;
				TARGETED_DEVICE_FAMILY = "1,2";
				TEST_TARGET_NAME = Project;
			};
			name = Release;
		};
/* End XCBuildConfiguration section */

/* Begin XCConfigurationList section */
		24CEED7D28FF2FF9003A75F4 /* Build configuration list for PBXProject "Project" */ = {
			isa = XCConfigurationList;
			buildConfigurations = (
				24CEEDA428FF2FFA003A75F4 /* Debug */,
				24CEEDA528FF2FFA003A75F4 /* Release */,
			);
			defaultConfigurationIsVisible = 0;
			defaultConfigurationName = Release;
		};
		24CEEDA628FF2FFA003A75F4 /* Build configuration list for PBXNativeTarget "Project" */ = {
			isa = XCConfigurationList;
			buildConfigurations = (
				24CEEDA728FF2FFA003A75F4 /* Debug */,
				24CEEDA828FF2FFA003A75F4 /* Release */,
			);
			defaultConfigurationIsVisible = 0;
			defaultConfigurationName = Release;
		};
		24CEEDA928FF2FFA003A75F4 /* Build configuration list for PBXNativeTarget "ProjectTests" */ = {
			isa = XCConfigurationList;
			buildConfigurations = (
				24CEEDAA28FF2FFA003A75F4 /* Debug */,
				24CEEDAB28FF2FFA003A75F4 /* Release */,
			);
			defaultConfigurationIsVisible = 0;
			defaultConfigurationName = Release;
		};
		24CEEDAC28FF2FFA003A75F4 /* Build configuration list for PBXNativeTarget "ProjectUITests" */ = {
			isa = XCConfigurationList;
			buildConfigurations = (
				24CEEDAD28FF2FFA003A75F4 /* Debug */,
				24CEEDAE28FF2FFA003A75F4 /* Release */,
			);
			defaultConfigurationIsVisible = 0;
			defaultConfigurationName = Release;
		};
/* End XCConfigurationList section */
	};
	rootObject = 24CEED7A28FF2FF9003A75F4 /* Project object */;
}
