// !$*UTF8*$!
{
	archiveVersion = 1;
	classes = {
	};
	objectVersion = 55;
	objects = {

/* Begin PBXBuildFile section */
		249C124128FF2EBB00B33196 /* AppDelegate.swift in Sources */ = {isa = PBXBuildFile; fileRef = 249C124028FF2EBB00B33196 /* AppDelegate.swift */; };
		249C124328FF2EBB00B33196 /* SceneDelegate.swift in Sources */ = {isa = PBXBuildFile; fileRef = 249C124228FF2EBB00B33196 /* SceneDelegate.swift */; };
		249C124528FF2EBB00B33196 /* ViewController.swift in Sources */ = {isa = PBXBuildFile; fileRef = 249C124428FF2EBB00B33196 /* ViewController.swift */; };
		249C124828FF2EBB00B33196 /* Main.storyboard in Resources */ = {isa = PBXBuildFile; fileRef = 249C124628FF2EBB00B33196 /* Main.storyboard */; };
		249C124A28FF2EBD00B33196 /* Assets.xcassets in Resources */ = {isa = PBXBuildFile; fileRef = 249C124928FF2EBD00B33196 /* Assets.xcassets */; };
		249C124D28FF2EBD00B33196 /* LaunchScreen.storyboard in Resources */ = {isa = PBXBuildFile; fileRef = 249C124B28FF2EBD00B33196 /* LaunchScreen.storyboard */; };
		249C125828FF2EBD00B33196 /* ProjectTests.swift in Sources */ = {isa = PBXBuildFile; fileRef = 249C125728FF2EBD00B33196 /* ProjectTests.swift */; };
		249C126228FF2EBD00B33196 /* ProjectUITests.swift in Sources */ = {isa = PBXBuildFile; fileRef = 249C126128FF2EBD00B33196 /* ProjectUITests.swift */; };
		249C126428FF2EBD00B33196 /* ProjectUITestsLaunchTests.swift in Sources */ = {isa = PBXBuildFile; fileRef = 249C126328FF2EBD00B33196 /* ProjectUITestsLaunchTests.swift */; };
/* End PBXBuildFile section */

/* Begin PBXContainerItemProxy section */
		249C125428FF2EBD00B33196 /* PBXContainerItemProxy */ = {
			isa = PBXContainerItemProxy;
			containerPortal = 249C123528FF2EBB00B33196 /* Project object */;
			proxyType = 1;
			remoteGlobalIDString = 249C123C28FF2EBB00B33196;
			remoteInfo = Project;
		};
		249C125E28FF2EBD00B33196 /* PBXContainerItemProxy */ = {
			isa = PBXContainerItemProxy;
			containerPortal = 249C123528FF2EBB00B33196 /* Project object */;
			proxyType = 1;
			remoteGlobalIDString = 249C123C28FF2EBB00B33196;
			remoteInfo = Project;
		};
/* End PBXContainerItemProxy section */

/* Begin PBXFileReference section */
		249C123D28FF2EBB00B33196 /* Project.app */ = {isa = PBXFileReference; explicitFileType = wrapper.application; includeInIndex = 0; path = Project.app; sourceTree = BUILT_PRODUCTS_DIR; };
		249C124028FF2EBB00B33196 /* AppDelegate.swift */ = {isa = PBXFileReference; lastKnownFileType = sourcecode.swift; path = AppDelegate.swift; sourceTree = "<group>"; };
		249C124228FF2EBB00B33196 /* SceneDelegate.swift */ = {isa = PBXFileReference; lastKnownFileType = sourcecode.swift; path = SceneDelegate.swift; sourceTree = "<group>"; };
		249C124428FF2EBB00B33196 /* ViewController.swift */ = {isa = PBXFileReference; lastKnownFileType = sourcecode.swift; path = ViewController.swift; sourceTree = "<group>"; };
		249C124728FF2EBB00B33196 /* Base */ = {isa = PBXFileReference; lastKnownFileType = file.storyboard; name = Base; path = Base.lproj/Main.storyboard; sourceTree = "<group>"; };
		249C124928FF2EBD00B33196 /* Assets.xcassets */ = {isa = PBXFileReference; lastKnownFileType = folder.assetcatalog; path = Assets.xcassets; sourceTree = "<group>"; };
		249C124C28FF2EBD00B33196 /* Base */ = {isa = PBXFileReference; lastKnownFileType = file.storyboard; name = Base; path = Base.lproj/LaunchScreen.storyboard; sourceTree = "<group>"; };
		249C124E28FF2EBD00B33196 /* Info.plist */ = {isa = PBXFileReference; lastKnownFileType = text.plist.xml; path = Info.plist; sourceTree = "<group>"; };
		249C125328FF2EBD00B33196 /* ProjectTests.xctest */ = {isa = PBXFileReference; explicitFileType = wrapper.cfbundle; includeInIndex = 0; path = ProjectTests.xctest; sourceTree = BUILT_PRODUCTS_DIR; };
		249C125728FF2EBD00B33196 /* ProjectTests.swift */ = {isa = PBXFileReference; lastKnownFileType = sourcecode.swift; path = ProjectTests.swift; sourceTree = "<group>"; };
		249C125D28FF2EBD00B33196 /* ProjectUITests.xctest */ = {isa = PBXFileReference; explicitFileType = wrapper.cfbundle; includeInIndex = 0; path = ProjectUITests.xctest; sourceTree = BUILT_PRODUCTS_DIR; };
		249C126128FF2EBD00B33196 /* ProjectUITests.swift */ = {isa = PBXFileReference; lastKnownFileType = sourcecode.swift; path = ProjectUITests.swift; sourceTree = "<group>"; };
		249C126328FF2EBD00B33196 /* ProjectUITestsLaunchTests.swift */ = {isa = PBXFileReference; lastKnownFileType = sourcecode.swift; path = ProjectUITestsLaunchTests.swift; sourceTree = "<group>"; };
/* End PBXFileReference section */

/* Begin PBXFrameworksBuildPhase section */
		249C123A28FF2EBB00B33196 /* Frameworks */ = {
			isa = PBXFrameworksBuildPhase;
			buildActionMask = 2147483647;
			files = (
			);
			runOnlyForDeploymentPostprocessing = 0;
		};
		249C125028FF2EBD00B33196 /* Frameworks */ = {
			isa = PBXFrameworksBuildPhase;
			buildActionMask = 2147483647;
			files = (
			);
			runOnlyForDeploymentPostprocessing = 0;
		};
		249C125A28FF2EBD00B33196 /* Frameworks */ = {
			isa = PBXFrameworksBuildPhase;
			buildActionMask = 2147483647;
			files = (
			);
			runOnlyForDeploymentPostprocessing = 0;
		};
/* End PBXFrameworksBuildPhase section */

/* Begin PBXGroup section */
		249C123428FF2EBB00B33196 = {
			isa = PBXGroup;
			children = (
				249C123F28FF2EBB00B33196 /* Project */,
				249C125628FF2EBD00B33196 /* ProjectTests */,
				249C126028FF2EBD00B33196 /* ProjectUITests */,
				249C123E28FF2EBB00B33196 /* Products */,
			);
			sourceTree = "<group>";
		};
		249C123E28FF2EBB00B33196 /* Products */ = {
			isa = PBXGroup;
			children = (
				249C123D28FF2EBB00B33196 /* Project.app */,
				249C125328FF2EBD00B33196 /* ProjectTests.xctest */,
				249C125D28FF2EBD00B33196 /* ProjectUITests.xctest */,
			);
			name = Products;
			sourceTree = "<group>";
		};
		249C123F28FF2EBB00B33196 /* Project */ = {
			isa = PBXGroup;
			children = (
				249C124028FF2EBB00B33196 /* AppDelegate.swift */,
				249C124228FF2EBB00B33196 /* SceneDelegate.swift */,
				249C124428FF2EBB00B33196 /* ViewController.swift */,
				249C124628FF2EBB00B33196 /* Main.storyboard */,
				249C124928FF2EBD00B33196 /* Assets.xcassets */,
				249C124B28FF2EBD00B33196 /* LaunchScreen.storyboard */,
				249C124E28FF2EBD00B33196 /* Info.plist */,
			);
			path = Project;
			sourceTree = "<group>";
		};
		249C125628FF2EBD00B33196 /* ProjectTests */ = {
			isa = PBXGroup;
			children = (
				249C125728FF2EBD00B33196 /* ProjectTests.swift */,
			);
			path = ProjectTests;
			sourceTree = "<group>";
		};
		249C126028FF2EBD00B33196 /* ProjectUITests */ = {
			isa = PBXGroup;
			children = (
				249C126128FF2EBD00B33196 /* ProjectUITests.swift */,
				249C126328FF2EBD00B33196 /* ProjectUITestsLaunchTests.swift */,
			);
			path = ProjectUITests;
			sourceTree = "<group>";
		};
/* End PBXGroup section */

/* Begin PBXNativeTarget section */
		249C123C28FF2EBB00B33196 /* Project */ = {
			isa = PBXNativeTarget;
			buildConfigurationList = 249C126728FF2EBD00B33196 /* Build configuration list for PBXNativeTarget "Project" */;
			buildPhases = (
				249C123928FF2EBB00B33196 /* Sources */,
				249C123A28FF2EBB00B33196 /* Frameworks */,
				249C123B28FF2EBB00B33196 /* Resources */,
			);
			buildRules = (
			);
			dependencies = (
			);
			name = Project;
			productName = Project;
			productReference = 249C123D28FF2EBB00B33196 /* Project.app */;
			productType = "com.apple.product-type.application";
		};
		249C125228FF2EBD00B33196 /* ProjectTests */ = {
			isa = PBXNativeTarget;
			buildConfigurationList = 249C126A28FF2EBD00B33196 /* Build configuration list for PBXNativeTarget "ProjectTests" */;
			buildPhases = (
				249C124F28FF2EBD00B33196 /* Sources */,
				249C125028FF2EBD00B33196 /* Frameworks */,
				249C125128FF2EBD00B33196 /* Resources */,
			);
			buildRules = (
			);
			dependencies = (
				249C125528FF2EBD00B33196 /* PBXTargetDependency */,
			);
			name = ProjectTests;
			productName = ProjectTests;
			productReference = 249C125328FF2EBD00B33196 /* ProjectTests.xctest */;
			productType = "com.apple.product-type.bundle.unit-test";
		};
		249C125C28FF2EBD00B33196 /* ProjectUITests */ = {
			isa = PBXNativeTarget;
			buildConfigurationList = 249C126D28FF2EBD00B33196 /* Build configuration list for PBXNativeTarget "ProjectUITests" */;
			buildPhases = (
				249C125928FF2EBD00B33196 /* Sources */,
				249C125A28FF2EBD00B33196 /* Frameworks */,
				249C125B28FF2EBD00B33196 /* Resources */,
			);
			buildRules = (
			);
			dependencies = (
				249C125F28FF2EBD00B33196 /* PBXTargetDependency */,
			);
			name = ProjectUITests;
			productName = ProjectUITests;
			productReference = 249C125D28FF2EBD00B33196 /* ProjectUITests.xctest */;
			productType = "com.apple.product-type.bundle.ui-testing";
		};
/* End PBXNativeTarget section */

/* Begin PBXProject section */
		249C123528FF2EBB00B33196 /* Project object */ = {
			isa = PBXProject;
			attributes = {
				BuildIndependentTargetsInParallel = 1;
				LastSwiftUpdateCheck = 1340;
				LastUpgradeCheck = 1340;
				TargetAttributes = {
					249C123C28FF2EBB00B33196 = {
						CreatedOnToolsVersion = 13.4.1;
					};
					249C125228FF2EBD00B33196 = {
						CreatedOnToolsVersion = 13.4.1;
						TestTargetID = 249C123C28FF2EBB00B33196;
					};
					249C125C28FF2EBD00B33196 = {
						CreatedOnToolsVersion = 13.4.1;
						TestTargetID = 249C123C28FF2EBB00B33196;
					};
				};
			};
			buildConfigurationList = 249C123828FF2EBB00B33196 /* Build configuration list for PBXProject "Project" */;
			compatibilityVersion = "Xcode 13.0";
			developmentRegion = en;
			hasScannedForEncodings = 0;
			knownRegions = (
				en,
				Base,
			);
			mainGroup = 249C123428FF2EBB00B33196;
			productRefGroup = 249C123E28FF2EBB00B33196 /* Products */;
			projectDirPath = "";
			projectRoot = "";
			targets = (
				249C123C28FF2EBB00B33196 /* Project */,
				249C125228FF2EBD00B33196 /* ProjectTests */,
				249C125C28FF2EBD00B33196 /* ProjectUITests */,
			);
		};
/* End PBXProject section */

/* Begin PBXResourcesBuildPhase section */
		249C123B28FF2EBB00B33196 /* Resources */ = {
			isa = PBXResourcesBuildPhase;
			buildActionMask = 2147483647;
			files = (
				249C124D28FF2EBD00B33196 /* LaunchScreen.storyboard in Resources */,
				249C124A28FF2EBD00B33196 /* Assets.xcassets in Resources */,
				249C124828FF2EBB00B33196 /* Main.storyboard in Resources */,
			);
			runOnlyForDeploymentPostprocessing = 0;
		};
		249C125128FF2EBD00B33196 /* Resources */ = {
			isa = PBXResourcesBuildPhase;
			buildActionMask = 2147483647;
			files = (
			);
			runOnlyForDeploymentPostprocessing = 0;
		};
		249C125B28FF2EBD00B33196 /* Resources */ = {
			isa = PBXResourcesBuildPhase;
			buildActionMask = 2147483647;
			files = (
			);
			runOnlyForDeploymentPostprocessing = 0;
		};
/* End PBXResourcesBuildPhase section */

/* Begin PBXSourcesBuildPhase section */
		249C123928FF2EBB00B33196 /* Sources */ = {
			isa = PBXSourcesBuildPhase;
			buildActionMask = 2147483647;
			files = (
				249C124528FF2EBB00B33196 /* ViewController.swift in Sources */,
				249C124128FF2EBB00B33196 /* AppDelegate.swift in Sources */,
				249C124328FF2EBB00B33196 /* SceneDelegate.swift in Sources */,
			);
			runOnlyForDeploymentPostprocessing = 0;
		};
		249C124F28FF2EBD00B33196 /* Sources */ = {
			isa = PBXSourcesBuildPhase;
			buildActionMask = 2147483647;
			files = (
				249C125828FF2EBD00B33196 /* ProjectTests.swift in Sources */,
			);
			runOnlyForDeploymentPostprocessing = 0;
		};
		249C125928FF2EBD00B33196 /* Sources */ = {
			isa = PBXSourcesBuildPhase;
			buildActionMask = 2147483647;
			files = (
				249C126428FF2EBD00B33196 /* ProjectUITestsLaunchTests.swift in Sources */,
				249C126228FF2EBD00B33196 /* ProjectUITests.swift in Sources */,
			);
			runOnlyForDeploymentPostprocessing = 0;
		};
/* End PBXSourcesBuildPhase section */

/* Begin PBXTargetDependency section */
		249C125528FF2EBD00B33196 /* PBXTargetDependency */ = {
			isa = PBXTargetDependency;
			target = 249C123C28FF2EBB00B33196 /* Project */;
			targetProxy = 249C125428FF2EBD00B33196 /* PBXContainerItemProxy */;
		};
		249C125F28FF2EBD00B33196 /* PBXTargetDependency */ = {
			isa = PBXTargetDependency;
			target = 249C123C28FF2EBB00B33196 /* Project */;
			targetProxy = 249C125E28FF2EBD00B33196 /* PBXContainerItemProxy */;
		};
/* End PBXTargetDependency section */

/* Begin PBXVariantGroup section */
		249C124628FF2EBB00B33196 /* Main.storyboard */ = {
			isa = PBXVariantGroup;
			children = (
				249C124728FF2EBB00B33196 /* Base */,
			);
			name = Main.storyboard;
			sourceTree = "<group>";
		};
		249C124B28FF2EBD00B33196 /* LaunchScreen.storyboard */ = {
			isa = PBXVariantGroup;
			children = (
				249C124C28FF2EBD00B33196 /* Base */,
			);
			name = LaunchScreen.storyboard;
			sourceTree = "<group>";
		};
/* End PBXVariantGroup section */

/* Begin XCBuildConfiguration section */
		249C126528FF2EBD00B33196 /* Debug */ = {
			isa = XCBuildConfiguration;
			buildSettings = {
				ALWAYS_SEARCH_USER_PATHS = NO;
				CLANG_ANALYZER_NONNULL = YES;
				CLANG_ANALYZER_NUMBER_OBJECT_CONVERSION = YES_AGGRESSIVE;
				CLANG_CXX_LANGUAGE_STANDARD = "gnu++17";
				CLANG_ENABLE_MODULES = YES;
				CLANG_ENABLE_OBJC_ARC = YES;
				CLANG_ENABLE_OBJC_WEAK = YES;
				CLANG_WARN_BLOCK_CAPTURE_AUTORELEASING = YES;
				CLANG_WARN_BOOL_CONVERSION = YES;
				CLANG_WARN_COMMA = YES;
				CLANG_WARN_CONSTANT_CONVERSION = YES;
				CLANG_WARN_DEPRECATED_OBJC_IMPLEMENTATIONS = YES;
				CLANG_WARN_DIRECT_OBJC_ISA_USAGE = YES_ERROR;
				CLANG_WARN_DOCUMENTATION_COMMENTS = YES;
				CLANG_WARN_EMPTY_BODY = YES;
				CLANG_WARN_ENUM_CONVERSION = YES;
				CLANG_WARN_INFINITE_RECURSION = YES;
				CLANG_WARN_INT_CONVERSION = YES;
				CLANG_WARN_NON_LITERAL_NULL_CONVERSION = YES;
				CLANG_WARN_OBJC_IMPLICIT_RETAIN_SELF = YES;
				CLANG_WARN_OBJC_LITERAL_CONVERSION = YES;
				CLANG_WARN_OBJC_ROOT_CLASS = YES_ERROR;
				CLANG_WARN_QUOTED_INCLUDE_IN_FRAMEWORK_HEADER = YES;
				CLANG_WARN_RANGE_LOOP_ANALYSIS = YES;
				CLANG_WARN_STRICT_PROTOTYPES = YES;
				CLANG_WARN_SUSPICIOUS_MOVE = YES;
				CLANG_WARN_UNGUARDED_AVAILABILITY = YES_AGGRESSIVE;
				CLANG_WARN_UNREACHABLE_CODE = YES;
				CLANG_WARN__DUPLICATE_METHOD_MATCH = YES;
				COPY_PHASE_STRIP = NO;
				DEBUG_INFORMATION_FORMAT = dwarf;
				ENABLE_STRICT_OBJC_MSGSEND = YES;
				ENABLE_TESTABILITY = YES;
				GCC_C_LANGUAGE_STANDARD = gnu11;
				GCC_DYNAMIC_NO_PIC = NO;
				GCC_NO_COMMON_BLOCKS = YES;
				GCC_OPTIMIZATION_LEVEL = 0;
				GCC_PREPROCESSOR_DEFINITIONS = (
					"DEBUG=1",
					"$(inherited)",
				);
				GCC_WARN_64_TO_32_BIT_CONVERSION = YES;
				GCC_WARN_ABOUT_RETURN_TYPE = YES_ERROR;
				GCC_WARN_UNDECLARED_SELECTOR = YES;
				GCC_WARN_UNINITIALIZED_AUTOS = YES_AGGRESSIVE;
				GCC_WARN_UNUSED_FUNCTION = YES;
				GCC_WARN_UNUSED_VARIABLE = YES;
				IPHONEOS_DEPLOYMENT_TARGET = 15.5;
				MTL_ENABLE_DEBUG_INFO = INCLUDE_SOURCE;
				MTL_FAST_MATH = YES;
				ONLY_ACTIVE_ARCH = YES;
				SDKROOT = iphoneos;
				SWIFT_ACTIVE_COMPILATION_CONDITIONS = DEBUG;
				SWIFT_OPTIMIZATION_LEVEL = "-Onone";
			};
			name = Debug;
		};
		249C126628FF2EBD00B33196 /* Release */ = {
			isa = XCBuildConfiguration;
			buildSettings = {
				ALWAYS_SEARCH_USER_PATHS = NO;
				CLANG_ANALYZER_NONNULL = YES;
				CLANG_ANALYZER_NUMBER_OBJECT_CONVERSION = YES_AGGRESSIVE;
				CLANG_CXX_LANGUAGE_STANDARD = "gnu++17";
				CLANG_ENABLE_MODULES = YES;
				CLANG_ENABLE_OBJC_ARC = YES;
				CLANG_ENABLE_OBJC_WEAK = YES;
				CLANG_WARN_BLOCK_CAPTURE_AUTORELEASING = YES;
				CLANG_WARN_BOOL_CONVERSION = YES;
				CLANG_WARN_COMMA = YES;
				CLANG_WARN_CONSTANT_CONVERSION = YES;
				CLANG_WARN_DEPRECATED_OBJC_IMPLEMENTATIONS = YES;
				CLANG_WARN_DIRECT_OBJC_ISA_USAGE = YES_ERROR;
				CLANG_WARN_DOCUMENTATION_COMMENTS = YES;
				CLANG_WARN_EMPTY_BODY = YES;
				CLANG_WARN_ENUM_CONVERSION = YES;
				CLANG_WARN_INFINITE_RECURSION = YES;
				CLANG_WARN_INT_CONVERSION = YES;
				CLANG_WARN_NON_LITERAL_NULL_CONVERSION = YES;
				CLANG_WARN_OBJC_IMPLICIT_RETAIN_SELF = YES;
				CLANG_WARN_OBJC_LITERAL_CONVERSION = YES;
				CLANG_WARN_OBJC_ROOT_CLASS = YES_ERROR;
				CLANG_WARN_QUOTED_INCLUDE_IN_FRAMEWORK_HEADER = YES;
				CLANG_WARN_RANGE_LOOP_ANALYSIS = YES;
				CLANG_WARN_STRICT_PROTOTYPES = YES;
				CLANG_WARN_SUSPICIOUS_MOVE = YES;
				CLANG_WARN_UNGUARDED_AVAILABILITY = YES_AGGRESSIVE;
				CLANG_WARN_UNREACHABLE_CODE = YES;
				CLANG_WARN__DUPLICATE_METHOD_MATCH = YES;
				COPY_PHASE_STRIP = NO;
				DEBUG_INFORMATION_FORMAT = "dwarf-with-dsym";
				ENABLE_NS_ASSERTIONS = NO;
				ENABLE_STRICT_OBJC_MSGSEND = YES;
				GCC_C_LANGUAGE_STANDARD = gnu11;
				GCC_NO_COMMON_BLOCKS = YES;
				GCC_WARN_64_TO_32_BIT_CONVERSION = YES;
				GCC_WARN_ABOUT_RETURN_TYPE = YES_ERROR;
				GCC_WARN_UNDECLARED_SELECTOR = YES;
				GCC_WARN_UNINITIALIZED_AUTOS = YES_AGGRESSIVE;
				GCC_WARN_UNUSED_FUNCTION = YES;
				GCC_WARN_UNUSED_VARIABLE = YES;
				IPHONEOS_DEPLOYMENT_TARGET = 15.5;
				MTL_ENABLE_DEBUG_INFO = NO;
				MTL_FAST_MATH = YES;
				SDKROOT = iphoneos;
				SWIFT_COMPILATION_MODE = wholemodule;
				SWIFT_OPTIMIZATION_LEVEL = "-O";
				VALIDATE_PRODUCT = YES;
			};
			name = Release;
		};
		249C126828FF2EBD00B33196 /* Debug */ = {
			isa = XCBuildConfiguration;
			buildSettings = {
				ASSETCATALOG_COMPILER_APPICON_NAME = AppIcon;
				ASSETCATALOG_COMPILER_GLOBAL_ACCENT_COLOR_NAME = AccentColor;
				CODE_SIGN_STYLE = Automatic;
				CURRENT_PROJECT_VERSION = 1;
				DEVELOPMENT_TEAM = YNZGRQNY5A;
				GENERATE_INFOPLIST_FILE = YES;
				INFOPLIST_FILE = Project/Info.plist;
				INFOPLIST_KEY_UIApplicationSupportsIndirectInputEvents = YES;
				INFOPLIST_KEY_UILaunchStoryboardName = LaunchScreen;
				INFOPLIST_KEY_UIMainStoryboardFile = Main;
				INFOPLIST_KEY_UISupportedInterfaceOrientations_iPad = "UIInterfaceOrientationPortrait UIInterfaceOrientationPortraitUpsideDown UIInterfaceOrientationLandscapeLeft UIInterfaceOrientationLandscapeRight";
				INFOPLIST_KEY_UISupportedInterfaceOrientations_iPhone = "UIInterfaceOrientationPortrait UIInterfaceOrientationLandscapeLeft UIInterfaceOrientationLandscapeRight";
				LD_RUNPATH_SEARCH_PATHS = (
					"$(inherited)",
					"@executable_path/Frameworks",
				);
				MARKETING_VERSION = 1.0;
				PRODUCT_BUNDLE_IDENTIFIER = com.rohithvishwajith.apps.UTPlus.Project;
				PRODUCT_NAME = "$(TARGET_NAME)";
				SWIFT_EMIT_LOC_STRINGS = YES;
				SWIFT_VERSION = 5.0;
				TARGETED_DEVICE_FAMILY = "1,2";
			};
			name = Debug;
		};
		249C126928FF2EBD00B33196 /* Release */ = {
			isa = XCBuildConfiguration;
			buildSettings = {
				ASSETCATALOG_COMPILER_APPICON_NAME = AppIcon;
				ASSETCATALOG_COMPILER_GLOBAL_ACCENT_COLOR_NAME = AccentColor;
				CODE_SIGN_STYLE = Automatic;
				CURRENT_PROJECT_VERSION = 1;
				DEVELOPMENT_TEAM = YNZGRQNY5A;
				GENERATE_INFOPLIST_FILE = YES;
				INFOPLIST_FILE = Project/Info.plist;
				INFOPLIST_KEY_UIApplicationSupportsIndirectInputEvents = YES;
				INFOPLIST_KEY_UILaunchStoryboardName = LaunchScreen;
				INFOPLIST_KEY_UIMainStoryboardFile = Main;
				INFOPLIST_KEY_UISupportedInterfaceOrientations_iPad = "UIInterfaceOrientationPortrait UIInterfaceOrientationPortraitUpsideDown UIInterfaceOrientationLandscapeLeft UIInterfaceOrientationLandscapeRight";
				INFOPLIST_KEY_UISupportedInterfaceOrientations_iPhone = "UIInterfaceOrientationPortrait UIInterfaceOrientationLandscapeLeft UIInterfaceOrientationLandscapeRight";
				LD_RUNPATH_SEARCH_PATHS = (
					"$(inherited)",
					"@executable_path/Frameworks",
				);
				MARKETING_VERSION = 1.0;
				PRODUCT_BUNDLE_IDENTIFIER = com.rohithvishwajith.apps.UTPlus.Project;
				PRODUCT_NAME = "$(TARGET_NAME)";
				SWIFT_EMIT_LOC_STRINGS = YES;
				SWIFT_VERSION = 5.0;
				TARGETED_DEVICE_FAMILY = "1,2";
			};
			name = Release;
		};
		249C126B28FF2EBD00B33196 /* Debug */ = {
			isa = XCBuildConfiguration;
			buildSettings = {
				ALWAYS_EMBED_SWIFT_STANDARD_LIBRARIES = YES;
				BUNDLE_LOADER = "$(TEST_HOST)";
				CODE_SIGN_STYLE = Automatic;
				CURRENT_PROJECT_VERSION = 1;
				DEVELOPMENT_TEAM = YNZGRQNY5A;
				GENERATE_INFOPLIST_FILE = YES;
				IPHONEOS_DEPLOYMENT_TARGET = 15.5;
				MARKETING_VERSION = 1.0;
				PRODUCT_BUNDLE_IDENTIFIER = com.rohithvishwajith.apps.UTPlus.ProjectTests;
				PRODUCT_NAME = "$(TARGET_NAME)";
				SWIFT_EMIT_LOC_STRINGS = NO;
				SWIFT_VERSION = 5.0;
				TARGETED_DEVICE_FAMILY = "1,2";
				TEST_HOST = "$(BUILT_PRODUCTS_DIR)/Project.app/Project";
			};
			name = Debug;
		};
		249C126C28FF2EBD00B33196 /* Release */ = {
			isa = XCBuildConfiguration;
			buildSettings = {
				ALWAYS_EMBED_SWIFT_STANDARD_LIBRARIES = YES;
				BUNDLE_LOADER = "$(TEST_HOST)";
				CODE_SIGN_STYLE = Automatic;
				CURRENT_PROJECT_VERSION = 1;
				DEVELOPMENT_TEAM = YNZGRQNY5A;
				GENERATE_INFOPLIST_FILE = YES;
				IPHONEOS_DEPLOYMENT_TARGET = 15.5;
				MARKETING_VERSION = 1.0;
				PRODUCT_BUNDLE_IDENTIFIER = com.rohithvishwajith.apps.UTPlus.ProjectTests;
				PRODUCT_NAME = "$(TARGET_NAME)";
				SWIFT_EMIT_LOC_STRINGS = NO;
				SWIFT_VERSION = 5.0;
				TARGETED_DEVICE_FAMILY = "1,2";
				TEST_HOST = "$(BUILT_PRODUCTS_DIR)/Project.app/Project";
			};
			name = Release;
		};
		249C126E28FF2EBD00B33196 /* Debug */ = {
			isa = XCBuildConfiguration;
			buildSettings = {
				ALWAYS_EMBED_SWIFT_STANDARD_LIBRARIES = YES;
				CODE_SIGN_STYLE = Automatic;
				CURRENT_PROJECT_VERSION = 1;
				DEVELOPMENT_TEAM = YNZGRQNY5A;
				GENERATE_INFOPLIST_FILE = YES;
				MARKETING_VERSION = 1.0;
				PRODUCT_BUNDLE_IDENTIFIER = com.rohithvishwajith.apps.UTPlus.ProjectUITests;
				PRODUCT_NAME = "$(TARGET_NAME)";
				SWIFT_EMIT_LOC_STRINGS = NO;
				SWIFT_VERSION = 5.0;
				TARGETED_DEVICE_FAMILY = "1,2";
				TEST_TARGET_NAME = Project;
			};
			name = Debug;
		};
		249C126F28FF2EBD00B33196 /* Release */ = {
			isa = XCBuildConfiguration;
			buildSettings = {
				ALWAYS_EMBED_SWIFT_STANDARD_LIBRARIES = YES;
				CODE_SIGN_STYLE = Automatic;
				CURRENT_PROJECT_VERSION = 1;
				DEVELOPMENT_TEAM = YNZGRQNY5A;
				GENERATE_INFOPLIST_FILE = YES;
				MARKETING_VERSION = 1.0;
				PRODUCT_BUNDLE_IDENTIFIER = com.rohithvishwajith.apps.UTPlus.ProjectUITests;
				PRODUCT_NAME = "$(TARGET_NAME)";
				SWIFT_EMIT_LOC_STRINGS = NO;
				SWIFT_VERSION = 5.0;
				TARGETED_DEVICE_FAMILY = "1,2";
				TEST_TARGET_NAME = Project;
			};
			name = Release;
		};
/* End XCBuildConfiguration section */

/* Begin XCConfigurationList section */
		249C123828FF2EBB00B33196 /* Build configuration list for PBXProject "Project" */ = {
			isa = XCConfigurationList;
			buildConfigurations = (
				249C126528FF2EBD00B33196 /* Debug */,
				249C126628FF2EBD00B33196 /* Release */,
			);
			defaultConfigurationIsVisible = 0;
			defaultConfigurationName = Release;
		};
		249C126728FF2EBD00B33196 /* Build configuration list for PBXNativeTarget "Project" */ = {
			isa = XCConfigurationList;
			buildConfigurations = (
				249C126828FF2EBD00B33196 /* Debug */,
				249C126928FF2EBD00B33196 /* Release */,
			);
			defaultConfigurationIsVisible = 0;
			defaultConfigurationName = Release;
		};
		249C126A28FF2EBD00B33196 /* Build configuration list for PBXNativeTarget "ProjectTests" */ = {
			isa = XCConfigurationList;
			buildConfigurations = (
				249C126B28FF2EBD00B33196 /* Debug */,
				249C126C28FF2EBD00B33196 /* Release */,
			);
			defaultConfigurationIsVisible = 0;
			defaultConfigurationName = Release;
		};
		249C126D28FF2EBD00B33196 /* Build configuration list for PBXNativeTarget "ProjectUITests" */ = {
			isa = XCConfigurationList;
			buildConfigurations = (
				249C126E28FF2EBD00B33196 /* Debug */,
				249C126F28FF2EBD00B33196 /* Release */,
			);
			defaultConfigurationIsVisible = 0;
			defaultConfigurationName = Release;
		};
/* End XCConfigurationList section */
	};
	rootObject = 249C123528FF2EBB00B33196 /* Project object */;
}
